// !$*UTF8*$!
{
	archiveVersion = 1;
	classes = {
	};
	objectVersion = 55;
	objects = {

/* Begin PBXBuildFile section */
		C5402BBA2885DC2C00385C0C /* Mocks in Frameworks */ = {isa = PBXBuildFile; productRef = C5402BB92885DC2C00385C0C /* Mocks */; };
		C551DA82287F08BD00BBE223 /* OrchestratorAssemblies.swift in Sources */ = {isa = PBXBuildFile; fileRef = C551DA81287F08BC00BBE223 /* OrchestratorAssemblies.swift */; };
		C551DA8A287F12E000BBE223 /* Networking in Frameworks */ = {isa = PBXBuildFile; productRef = C551DA89287F12E000BBE223 /* Networking */; };
		C551DA8E2881F10300BBE223 /* Localizable.strings in Resources */ = {isa = PBXBuildFile; fileRef = C551DA8D2881F10300BBE223 /* Localizable.strings */; };
		C5B69B2F28737A0100E92A8E /* AppDelegate.swift in Sources */ = {isa = PBXBuildFile; fileRef = C5B69B2E28737A0100E92A8E /* AppDelegate.swift */; };
		C5B69B3128737A0100E92A8E /* SceneDelegate.swift in Sources */ = {isa = PBXBuildFile; fileRef = C5B69B3028737A0100E92A8E /* SceneDelegate.swift */; };
		C5B69B3328737A0100E92A8E /* ViewController.swift in Sources */ = {isa = PBXBuildFile; fileRef = C5B69B3228737A0100E92A8E /* ViewController.swift */; };
		C5B69B3628737A0100E92A8E /* Main.storyboard in Resources */ = {isa = PBXBuildFile; fileRef = C5B69B3428737A0100E92A8E /* Main.storyboard */; };
		C5B69B3828737A0200E92A8E /* Assets.xcassets in Resources */ = {isa = PBXBuildFile; fileRef = C5B69B3728737A0200E92A8E /* Assets.xcassets */; };
		C5B69B3B28737A0200E92A8E /* LaunchScreen.storyboard in Resources */ = {isa = PBXBuildFile; fileRef = C5B69B3928737A0200E92A8E /* LaunchScreen.storyboard */; };
		C5B69B4628737A0300E92A8E /* netflixTests.swift in Sources */ = {isa = PBXBuildFile; fileRef = C5B69B4528737A0300E92A8E /* netflixTests.swift */; };
		C5B69B5028737A0300E92A8E /* netflixUITests.swift in Sources */ = {isa = PBXBuildFile; fileRef = C5B69B4F28737A0300E92A8E /* netflixUITests.swift */; };
		C5B69B5228737A0300E92A8E /* netflixUITestsLaunchTests.swift in Sources */ = {isa = PBXBuildFile; fileRef = C5B69B5128737A0300E92A8E /* netflixUITestsLaunchTests.swift */; };
		C5FEB2962888A4D000408834 /* FeatureLogin in Frameworks */ = {isa = PBXBuildFile; productRef = C5FEB2952888A4D000408834 /* FeatureLogin */; };
/* End PBXBuildFile section */

/* Begin PBXContainerItemProxy section */
		C5B69B4228737A0300E92A8E /* PBXContainerItemProxy */ = {
			isa = PBXContainerItemProxy;
			containerPortal = C5B69B2328737A0100E92A8E /* Project object */;
			proxyType = 1;
			remoteGlobalIDString = C5B69B2A28737A0100E92A8E;
			remoteInfo = netflix;
		};
		C5B69B4C28737A0300E92A8E /* PBXContainerItemProxy */ = {
			isa = PBXContainerItemProxy;
			containerPortal = C5B69B2328737A0100E92A8E /* Project object */;
			proxyType = 1;
			remoteGlobalIDString = C5B69B2A28737A0100E92A8E;
			remoteInfo = netflix;
		};
/* End PBXContainerItemProxy section */

/* Begin PBXFileReference section */
		C512ADDF288A1A3B00C83F24 /* FeatureLogin */ = {isa = PBXFileReference; lastKnownFileType = wrapper; path = FeatureLogin; sourceTree = "<group>"; };
		C512ADE0288A1A3F00C83F24 /* Components */ = {isa = PBXFileReference; lastKnownFileType = wrapper; path = Components; sourceTree = "<group>"; };
		C5402BB82885D63400385C0C /* Mocks */ = {isa = PBXFileReference; lastKnownFileType = wrapper; name = Mocks; path = ../Mocks; sourceTree = "<group>"; };
		C551DA81287F08BC00BBE223 /* OrchestratorAssemblies.swift */ = {isa = PBXFileReference; lastKnownFileType = sourcecode.swift; name = OrchestratorAssemblies.swift; path = ../../Netflix/netflix/OrchestratorAssemblies.swift; sourceTree = "<group>"; };
		C551DA86287F10D800BBE223 /* Networking */ = {isa = PBXFileReference; lastKnownFileType = wrapper; name = Networking; path = ../Networking; sourceTree = "<group>"; };
		C551DA87287F10FD00BBE223 /* Domain */ = {isa = PBXFileReference; lastKnownFileType = wrapper; name = Domain; path = ../Domain; sourceTree = "<group>"; };
		C551DA8D2881F10300BBE223 /* Localizable.strings */ = {isa = PBXFileReference; lastKnownFileType = text.plist.strings; name = Localizable.strings; path = ../../Netflix/netflix/Localizable.strings; sourceTree = "<group>"; };
		C5B69B2B28737A0100E92A8E /* netflix.app */ = {isa = PBXFileReference; explicitFileType = wrapper.application; includeInIndex = 0; path = netflix.app; sourceTree = BUILT_PRODUCTS_DIR; };
		C5B69B2E28737A0100E92A8E /* AppDelegate.swift */ = {isa = PBXFileReference; lastKnownFileType = sourcecode.swift; path = AppDelegate.swift; sourceTree = "<group>"; };
		C5B69B3028737A0100E92A8E /* SceneDelegate.swift */ = {isa = PBXFileReference; lastKnownFileType = sourcecode.swift; path = SceneDelegate.swift; sourceTree = "<group>"; };
		C5B69B3228737A0100E92A8E /* ViewController.swift */ = {isa = PBXFileReference; lastKnownFileType = sourcecode.swift; path = ViewController.swift; sourceTree = "<group>"; };
		C5B69B3528737A0100E92A8E /* Base */ = {isa = PBXFileReference; lastKnownFileType = file.storyboard; name = Base; path = Base.lproj/Main.storyboard; sourceTree = "<group>"; };
		C5B69B3728737A0200E92A8E /* Assets.xcassets */ = {isa = PBXFileReference; lastKnownFileType = folder.assetcatalog; path = Assets.xcassets; sourceTree = "<group>"; };
		C5B69B3A28737A0200E92A8E /* Base */ = {isa = PBXFileReference; lastKnownFileType = file.storyboard; name = Base; path = Base.lproj/LaunchScreen.storyboard; sourceTree = "<group>"; };
		C5B69B3C28737A0200E92A8E /* Info.plist */ = {isa = PBXFileReference; lastKnownFileType = text.plist.xml; path = Info.plist; sourceTree = "<group>"; };
		C5B69B4128737A0300E92A8E /* netflixTests.xctest */ = {isa = PBXFileReference; explicitFileType = wrapper.cfbundle; includeInIndex = 0; path = netflixTests.xctest; sourceTree = BUILT_PRODUCTS_DIR; };
		C5B69B4528737A0300E92A8E /* netflixTests.swift */ = {isa = PBXFileReference; lastKnownFileType = sourcecode.swift; path = netflixTests.swift; sourceTree = "<group>"; };
		C5B69B4B28737A0300E92A8E /* netflixUITests.xctest */ = {isa = PBXFileReference; explicitFileType = wrapper.cfbundle; includeInIndex = 0; path = netflixUITests.xctest; sourceTree = BUILT_PRODUCTS_DIR; };
		C5B69B4F28737A0300E92A8E /* netflixUITests.swift */ = {isa = PBXFileReference; lastKnownFileType = sourcecode.swift; path = netflixUITests.swift; sourceTree = "<group>"; };
		C5B69B5128737A0300E92A8E /* netflixUITestsLaunchTests.swift */ = {isa = PBXFileReference; lastKnownFileType = sourcecode.swift; path = netflixUITestsLaunchTests.swift; sourceTree = "<group>"; };
/* End PBXFileReference section */

/* Begin PBXFrameworksBuildPhase section */
		C5B69B2828737A0100E92A8E /* Frameworks */ = {
			isa = PBXFrameworksBuildPhase;
			buildActionMask = 2147483647;
			files = (
				C5402BBA2885DC2C00385C0C /* Mocks in Frameworks */,
				C551DA8A287F12E000BBE223 /* Networking in Frameworks */,
				C5FEB2962888A4D000408834 /* FeatureLogin in Frameworks */,
			);
			runOnlyForDeploymentPostprocessing = 0;
		};
		C5B69B3E28737A0300E92A8E /* Frameworks */ = {
			isa = PBXFrameworksBuildPhase;
			buildActionMask = 2147483647;
			files = (
			);
			runOnlyForDeploymentPostprocessing = 0;
		};
		C5B69B4828737A0300E92A8E /* Frameworks */ = {
			isa = PBXFrameworksBuildPhase;
			buildActionMask = 2147483647;
			files = (
			);
			runOnlyForDeploymentPostprocessing = 0;
		};
/* End PBXFrameworksBuildPhase section */

/* Begin PBXGroup section */
		C5B69B2228737A0100E92A8E = {
			isa = PBXGroup;
			children = (
				C5B69B6728737F6100E92A8E /* Packages */,
				C5B69B2D28737A0100E92A8E /* netflix */,
				C5B69B4428737A0300E92A8E /* netflixTests */,
				C5B69B4E28737A0300E92A8E /* netflixUITests */,
				C5B69B2C28737A0100E92A8E /* Products */,
				C5B69B5F28737AD700E92A8E /* Frameworks */,
			);
			sourceTree = "<group>";
		};
		C5B69B2C28737A0100E92A8E /* Products */ = {
			isa = PBXGroup;
			children = (
				C5B69B2B28737A0100E92A8E /* netflix.app */,
				C5B69B4128737A0300E92A8E /* netflixTests.xctest */,
				C5B69B4B28737A0300E92A8E /* netflixUITests.xctest */,
			);
			name = Products;
			sourceTree = "<group>";
		};
		C5B69B2D28737A0100E92A8E /* netflix */ = {
			isa = PBXGroup;
			children = (
				C5B69B2E28737A0100E92A8E /* AppDelegate.swift */,
				C5B69B3028737A0100E92A8E /* SceneDelegate.swift */,
				C5B69B3228737A0100E92A8E /* ViewController.swift */,
				C5B69B3428737A0100E92A8E /* Main.storyboard */,
				C5B69B3728737A0200E92A8E /* Assets.xcassets */,
				C5B69B3928737A0200E92A8E /* LaunchScreen.storyboard */,
				C5B69B3C28737A0200E92A8E /* Info.plist */,
				C551DA81287F08BC00BBE223 /* OrchestratorAssemblies.swift */,
				C551DA8D2881F10300BBE223 /* Localizable.strings */,
			);
			path = netflix;
			sourceTree = "<group>";
		};
		C5B69B4428737A0300E92A8E /* netflixTests */ = {
			isa = PBXGroup;
			children = (
				C5B69B4528737A0300E92A8E /* netflixTests.swift */,
			);
			path = netflixTests;
			sourceTree = "<group>";
		};
		C5B69B4E28737A0300E92A8E /* netflixUITests */ = {
			isa = PBXGroup;
			children = (
				C5B69B4F28737A0300E92A8E /* netflixUITests.swift */,
				C5B69B5128737A0300E92A8E /* netflixUITestsLaunchTests.swift */,
			);
			path = netflixUITests;
			sourceTree = "<group>";
		};
		C5B69B5F28737AD700E92A8E /* Frameworks */ = {
			isa = PBXGroup;
			children = (
			);
			name = Frameworks;
			sourceTree = "<group>";
		};
		C5B69B6728737F6100E92A8E /* Packages */ = {
			isa = PBXGroup;
			children = (
				C512ADE0288A1A3F00C83F24 /* Components */,
				C512ADDF288A1A3B00C83F24 /* FeatureLogin */,
				C551DA86287F10D800BBE223 /* Networking */,
				C551DA87287F10FD00BBE223 /* Domain */,
				C5402BB82885D63400385C0C /* Mocks */,
			);
			name = Packages;
			sourceTree = "<group>";
		};
/* End PBXGroup section */

/* Begin PBXNativeTarget section */
		C5B69B2A28737A0100E92A8E /* netflix */ = {
			isa = PBXNativeTarget;
			buildConfigurationList = C5B69B5528737A0300E92A8E /* Build configuration list for PBXNativeTarget "netflix" */;
			buildPhases = (
				C5B69B2728737A0100E92A8E /* Sources */,
				C5B69B2828737A0100E92A8E /* Frameworks */,
				C5B69B2928737A0100E92A8E /* Resources */,
			);
			buildRules = (
			);
			dependencies = (
			);
			name = netflix;
			packageProductDependencies = (
				C551DA89287F12E000BBE223 /* Networking */,
				C5402BB92885DC2C00385C0C /* Mocks */,
				C5FEB2952888A4D000408834 /* FeatureLogin */,
			);
			productName = netflix;
			productReference = C5B69B2B28737A0100E92A8E /* netflix.app */;
			productType = "com.apple.product-type.application";
		};
		C5B69B4028737A0300E92A8E /* netflixTests */ = {
			isa = PBXNativeTarget;
			buildConfigurationList = C5B69B5828737A0300E92A8E /* Build configuration list for PBXNativeTarget "netflixTests" */;
			buildPhases = (
				C5B69B3D28737A0300E92A8E /* Sources */,
				C5B69B3E28737A0300E92A8E /* Frameworks */,
				C5B69B3F28737A0300E92A8E /* Resources */,
			);
			buildRules = (
			);
			dependencies = (
				C5B69B4328737A0300E92A8E /* PBXTargetDependency */,
			);
			name = netflixTests;
			productName = netflixTests;
			productReference = C5B69B4128737A0300E92A8E /* netflixTests.xctest */;
			productType = "com.apple.product-type.bundle.unit-test";
		};
		C5B69B4A28737A0300E92A8E /* netflixUITests */ = {
			isa = PBXNativeTarget;
			buildConfigurationList = C5B69B5B28737A0300E92A8E /* Build configuration list for PBXNativeTarget "netflixUITests" */;
			buildPhases = (
				C5B69B4728737A0300E92A8E /* Sources */,
				C5B69B4828737A0300E92A8E /* Frameworks */,
				C5B69B4928737A0300E92A8E /* Resources */,
			);
			buildRules = (
			);
			dependencies = (
				C5B69B4D28737A0300E92A8E /* PBXTargetDependency */,
			);
			name = netflixUITests;
			productName = netflixUITests;
			productReference = C5B69B4B28737A0300E92A8E /* netflixUITests.xctest */;
			productType = "com.apple.product-type.bundle.ui-testing";
		};
/* End PBXNativeTarget section */

/* Begin PBXProject section */
		C5B69B2328737A0100E92A8E /* Project object */ = {
			isa = PBXProject;
			attributes = {
				BuildIndependentTargetsInParallel = 1;
				LastSwiftUpdateCheck = 1340;
				LastUpgradeCheck = 1340;
				TargetAttributes = {
					C5B69B2A28737A0100E92A8E = {
						CreatedOnToolsVersion = 13.4.1;
					};
					C5B69B4028737A0300E92A8E = {
						CreatedOnToolsVersion = 13.4.1;
						TestTargetID = C5B69B2A28737A0100E92A8E;
					};
					C5B69B4A28737A0300E92A8E = {
						CreatedOnToolsVersion = 13.4.1;
						TestTargetID = C5B69B2A28737A0100E92A8E;
					};
				};
			};
			buildConfigurationList = C5B69B2628737A0100E92A8E /* Build configuration list for PBXProject "netflix" */;
			compatibilityVersion = "Xcode 13.0";
			developmentRegion = en;
			hasScannedForEncodings = 0;
			knownRegions = (
				en,
				Base,
			);
			mainGroup = C5B69B2228737A0100E92A8E;
			packageReferences = (
				C5E09D4B28778B4C00435C63 /* XCRemoteSwiftPackageReference "Swinject" */,
			);
			productRefGroup = C5B69B2C28737A0100E92A8E /* Products */;
			projectDirPath = "";
			projectRoot = "";
			targets = (
				C5B69B2A28737A0100E92A8E /* netflix */,
				C5B69B4028737A0300E92A8E /* netflixTests */,
				C5B69B4A28737A0300E92A8E /* netflixUITests */,
			);
		};
/* End PBXProject section */

/* Begin PBXResourcesBuildPhase section */
		C5B69B2928737A0100E92A8E /* Resources */ = {
			isa = PBXResourcesBuildPhase;
			buildActionMask = 2147483647;
			files = (
				C5B69B3B28737A0200E92A8E /* LaunchScreen.storyboard in Resources */,
				C551DA8E2881F10300BBE223 /* Localizable.strings in Resources */,
				C5B69B3828737A0200E92A8E /* Assets.xcassets in Resources */,
				C5B69B3628737A0100E92A8E /* Main.storyboard in Resources */,
			);
			runOnlyForDeploymentPostprocessing = 0;
		};
		C5B69B3F28737A0300E92A8E /* Resources */ = {
			isa = PBXResourcesBuildPhase;
			buildActionMask = 2147483647;
			files = (
			);
			runOnlyForDeploymentPostprocessing = 0;
		};
		C5B69B4928737A0300E92A8E /* Resources */ = {
			isa = PBXResourcesBuildPhase;
			buildActionMask = 2147483647;
			files = (
			);
			runOnlyForDeploymentPostprocessing = 0;
		};
/* End PBXResourcesBuildPhase section */

/* Begin PBXSourcesBuildPhase section */
		C5B69B2728737A0100E92A8E /* Sources */ = {
			isa = PBXSourcesBuildPhase;
			buildActionMask = 2147483647;
			files = (
				C5B69B3328737A0100E92A8E /* ViewController.swift in Sources */,
				C5B69B2F28737A0100E92A8E /* AppDelegate.swift in Sources */,
				C5B69B3128737A0100E92A8E /* SceneDelegate.swift in Sources */,
				C551DA82287F08BD00BBE223 /* OrchestratorAssemblies.swift in Sources */,
			);
			runOnlyForDeploymentPostprocessing = 0;
		};
		C5B69B3D28737A0300E92A8E /* Sources */ = {
			isa = PBXSourcesBuildPhase;
			buildActionMask = 2147483647;
			files = (
				C5B69B4628737A0300E92A8E /* netflixTests.swift in Sources */,
			);
			runOnlyForDeploymentPostprocessing = 0;
		};
		C5B69B4728737A0300E92A8E /* Sources */ = {
			isa = PBXSourcesBuildPhase;
			buildActionMask = 2147483647;
			files = (
				C5B69B5028737A0300E92A8E /* netflixUITests.swift in Sources */,
				C5B69B5228737A0300E92A8E /* netflixUITestsLaunchTests.swift in Sources */,
			);
			runOnlyForDeploymentPostprocessing = 0;
		};
/* End PBXSourcesBuildPhase section */

/* Begin PBXTargetDependency section */
		C5B69B4328737A0300E92A8E /* PBXTargetDependency */ = {
			isa = PBXTargetDependency;
			target = C5B69B2A28737A0100E92A8E /* netflix */;
			targetProxy = C5B69B4228737A0300E92A8E /* PBXContainerItemProxy */;
		};
		C5B69B4D28737A0300E92A8E /* PBXTargetDependency */ = {
			isa = PBXTargetDependency;
			target = C5B69B2A28737A0100E92A8E /* netflix */;
			targetProxy = C5B69B4C28737A0300E92A8E /* PBXContainerItemProxy */;
		};
/* End PBXTargetDependency section */

/* Begin PBXVariantGroup section */
		C5B69B3428737A0100E92A8E /* Main.storyboard */ = {
			isa = PBXVariantGroup;
			children = (
				C5B69B3528737A0100E92A8E /* Base */,
			);
			name = Main.storyboard;
			sourceTree = "<group>";
		};
		C5B69B3928737A0200E92A8E /* LaunchScreen.storyboard */ = {
			isa = PBXVariantGroup;
			children = (
				C5B69B3A28737A0200E92A8E /* Base */,
			);
			name = LaunchScreen.storyboard;
			sourceTree = "<group>";
		};
/* End PBXVariantGroup section */

/* Begin XCBuildConfiguration section */
		C5B69B5328737A0300E92A8E /* Debug */ = {
			isa = XCBuildConfiguration;
			buildSettings = {
				ALWAYS_SEARCH_USER_PATHS = NO;
				CLANG_ANALYZER_NONNULL = YES;
				CLANG_ANALYZER_NUMBER_OBJECT_CONVERSION = YES_AGGRESSIVE;
				CLANG_CXX_LANGUAGE_STANDARD = "gnu++17";
				CLANG_ENABLE_MODULES = YES;
				CLANG_ENABLE_OBJC_ARC = YES;
				CLANG_ENABLE_OBJC_WEAK = YES;
				CLANG_WARN_BLOCK_CAPTURE_AUTORELEASING = YES;
				CLANG_WARN_BOOL_CONVERSION = YES;
				CLANG_WARN_COMMA = YES;
				CLANG_WARN_CONSTANT_CONVERSION = YES;
				CLANG_WARN_DEPRECATED_OBJC_IMPLEMENTATIONS = YES;
				CLANG_WARN_DIRECT_OBJC_ISA_USAGE = YES_ERROR;
				CLANG_WARN_DOCUMENTATION_COMMENTS = YES;
				CLANG_WARN_EMPTY_BODY = YES;
				CLANG_WARN_ENUM_CONVERSION = YES;
				CLANG_WARN_INFINITE_RECURSION = YES;
				CLANG_WARN_INT_CONVERSION = YES;
				CLANG_WARN_NON_LITERAL_NULL_CONVERSION = YES;
				CLANG_WARN_OBJC_IMPLICIT_RETAIN_SELF = YES;
				CLANG_WARN_OBJC_LITERAL_CONVERSION = YES;
				CLANG_WARN_OBJC_ROOT_CLASS = YES_ERROR;
				CLANG_WARN_QUOTED_INCLUDE_IN_FRAMEWORK_HEADER = YES;
				CLANG_WARN_RANGE_LOOP_ANALYSIS = YES;
				CLANG_WARN_STRICT_PROTOTYPES = YES;
				CLANG_WARN_SUSPICIOUS_MOVE = YES;
				CLANG_WARN_UNGUARDED_AVAILABILITY = YES_AGGRESSIVE;
				CLANG_WARN_UNREACHABLE_CODE = YES;
				CLANG_WARN__DUPLICATE_METHOD_MATCH = YES;
				COPY_PHASE_STRIP = NO;
				DEBUG_INFORMATION_FORMAT = dwarf;
				ENABLE_STRICT_OBJC_MSGSEND = YES;
				ENABLE_TESTABILITY = YES;
				GCC_C_LANGUAGE_STANDARD = gnu11;
				GCC_DYNAMIC_NO_PIC = NO;
				GCC_NO_COMMON_BLOCKS = YES;
				GCC_OPTIMIZATION_LEVEL = 0;
				GCC_PREPROCESSOR_DEFINITIONS = (
					"DEBUG=1",
					"$(inherited)",
				);
				GCC_WARN_64_TO_32_BIT_CONVERSION = YES;
				GCC_WARN_ABOUT_RETURN_TYPE = YES_ERROR;
				GCC_WARN_UNDECLARED_SELECTOR = YES;
				GCC_WARN_UNINITIALIZED_AUTOS = YES_AGGRESSIVE;
				GCC_WARN_UNUSED_FUNCTION = YES;
				GCC_WARN_UNUSED_VARIABLE = YES;
				IPHONEOS_DEPLOYMENT_TARGET = 15.5;
				MTL_ENABLE_DEBUG_INFO = INCLUDE_SOURCE;
				MTL_FAST_MATH = YES;
				ONLY_ACTIVE_ARCH = YES;
				SDKROOT = iphoneos;
				SWIFT_ACTIVE_COMPILATION_CONDITIONS = DEBUG;
				SWIFT_OPTIMIZATION_LEVEL = "-Onone";
			};
			name = Debug;
		};
		C5B69B5428737A0300E92A8E /* Release */ = {
			isa = XCBuildConfiguration;
			buildSettings = {
				ALWAYS_SEARCH_USER_PATHS = NO;
				CLANG_ANALYZER_NONNULL = YES;
				CLANG_ANALYZER_NUMBER_OBJECT_CONVERSION = YES_AGGRESSIVE;
				CLANG_CXX_LANGUAGE_STANDARD = "gnu++17";
				CLANG_ENABLE_MODULES = YES;
				CLANG_ENABLE_OBJC_ARC = YES;
				CLANG_ENABLE_OBJC_WEAK = YES;
				CLANG_WARN_BLOCK_CAPTURE_AUTORELEASING = YES;
				CLANG_WARN_BOOL_CONVERSION = YES;
				CLANG_WARN_COMMA = YES;
				CLANG_WARN_CONSTANT_CONVERSION = YES;
				CLANG_WARN_DEPRECATED_OBJC_IMPLEMENTATIONS = YES;
				CLANG_WARN_DIRECT_OBJC_ISA_USAGE = YES_ERROR;
				CLANG_WARN_DOCUMENTATION_COMMENTS = YES;
				CLANG_WARN_EMPTY_BODY = YES;
				CLANG_WARN_ENUM_CONVERSION = YES;
				CLANG_WARN_INFINITE_RECURSION = YES;
				CLANG_WARN_INT_CONVERSION = YES;
				CLANG_WARN_NON_LITERAL_NULL_CONVERSION = YES;
				CLANG_WARN_OBJC_IMPLICIT_RETAIN_SELF = YES;
				CLANG_WARN_OBJC_LITERAL_CONVERSION = YES;
				CLANG_WARN_OBJC_ROOT_CLASS = YES_ERROR;
				CLANG_WARN_QUOTED_INCLUDE_IN_FRAMEWORK_HEADER = YES;
				CLANG_WARN_RANGE_LOOP_ANALYSIS = YES;
				CLANG_WARN_STRICT_PROTOTYPES = YES;
				CLANG_WARN_SUSPICIOUS_MOVE = YES;
				CLANG_WARN_UNGUARDED_AVAILABILITY = YES_AGGRESSIVE;
				CLANG_WARN_UNREACHABLE_CODE = YES;
				CLANG_WARN__DUPLICATE_METHOD_MATCH = YES;
				COPY_PHASE_STRIP = NO;
				DEBUG_INFORMATION_FORMAT = "dwarf-with-dsym";
				ENABLE_NS_ASSERTIONS = NO;
				ENABLE_STRICT_OBJC_MSGSEND = YES;
				GCC_C_LANGUAGE_STANDARD = gnu11;
				GCC_NO_COMMON_BLOCKS = YES;
				GCC_WARN_64_TO_32_BIT_CONVERSION = YES;
				GCC_WARN_ABOUT_RETURN_TYPE = YES_ERROR;
				GCC_WARN_UNDECLARED_SELECTOR = YES;
				GCC_WARN_UNINITIALIZED_AUTOS = YES_AGGRESSIVE;
				GCC_WARN_UNUSED_FUNCTION = YES;
				GCC_WARN_UNUSED_VARIABLE = YES;
				IPHONEOS_DEPLOYMENT_TARGET = 15.5;
				MTL_ENABLE_DEBUG_INFO = NO;
				MTL_FAST_MATH = YES;
				SDKROOT = iphoneos;
				SWIFT_COMPILATION_MODE = wholemodule;
				SWIFT_OPTIMIZATION_LEVEL = "-O";
				VALIDATE_PRODUCT = YES;
			};
			name = Release;
		};
		C5B69B5628737A0300E92A8E /* Debug */ = {
			isa = XCBuildConfiguration;
			buildSettings = {
				ASSETCATALOG_COMPILER_APPICON_NAME = AppIcon;
				ASSETCATALOG_COMPILER_GLOBAL_ACCENT_COLOR_NAME = AccentColor;
				CODE_SIGN_STYLE = Automatic;
				CURRENT_PROJECT_VERSION = 1;
				DEVELOPMENT_TEAM = RAH2H6XZL2;
				GENERATE_INFOPLIST_FILE = YES;
				INFOPLIST_FILE = netflix/Info.plist;
				INFOPLIST_KEY_CFBundleDisplayName = Netflix;
				INFOPLIST_KEY_UIApplicationSupportsIndirectInputEvents = YES;
				INFOPLIST_KEY_UILaunchStoryboardName = LaunchScreen;
				INFOPLIST_KEY_UISupportedInterfaceOrientations_iPad = "UIInterfaceOrientationPortrait UIInterfaceOrientationPortraitUpsideDown UIInterfaceOrientationLandscapeLeft UIInterfaceOrientationLandscapeRight";
				INFOPLIST_KEY_UISupportedInterfaceOrientations_iPhone = "UIInterfaceOrientationPortrait UIInterfaceOrientationLandscapeLeft UIInterfaceOrientationLandscapeRight";
				LD_RUNPATH_SEARCH_PATHS = (
					"$(inherited)",
					"@executable_path/Frameworks",
				);
				MARKETING_VERSION = 1.0;
				PRODUCT_BUNDLE_IDENTIFIER = com.yago.netflix;
				PRODUCT_NAME = "$(TARGET_NAME)";
				SWIFT_EMIT_LOC_STRINGS = YES;
				SWIFT_VERSION = 5.0;
				TARGETED_DEVICE_FAMILY = "1,2";
			};
			name = Debug;
		};
		C5B69B5728737A0300E92A8E /* Release */ = {
			isa = XCBuildConfiguration;
			buildSettings = {
				ASSETCATALOG_COMPILER_APPICON_NAME = AppIcon;
				ASSETCATALOG_COMPILER_GLOBAL_ACCENT_COLOR_NAME = AccentColor;
				CODE_SIGN_STYLE = Automatic;
				CURRENT_PROJECT_VERSION = 1;
				DEVELOPMENT_TEAM = RAH2H6XZL2;
				GENERATE_INFOPLIST_FILE = YES;
				INFOPLIST_FILE = netflix/Info.plist;
				INFOPLIST_KEY_CFBundleDisplayName = Netflix;
				INFOPLIST_KEY_UIApplicationSupportsIndirectInputEvents = YES;
				INFOPLIST_KEY_UILaunchStoryboardName = LaunchScreen;
				INFOPLIST_KEY_UISupportedInterfaceOrientations_iPad = "UIInterfaceOrientationPortrait UIInterfaceOrientationPortraitUpsideDown UIInterfaceOrientationLandscapeLeft UIInterfaceOrientationLandscapeRight";
				INFOPLIST_KEY_UISupportedInterfaceOrientations_iPhone = "UIInterfaceOrientationPortrait UIInterfaceOrientationLandscapeLeft UIInterfaceOrientationLandscapeRight";
				LD_RUNPATH_SEARCH_PATHS = (
					"$(inherited)",
					"@executable_path/Frameworks",
				);
				MARKETING_VERSION = 1.0;
				PRODUCT_BUNDLE_IDENTIFIER = com.yago.netflix;
				PRODUCT_NAME = "$(TARGET_NAME)";
				SWIFT_EMIT_LOC_STRINGS = YES;
				SWIFT_VERSION = 5.0;
				TARGETED_DEVICE_FAMILY = "1,2";
			};
			name = Release;
		};
		C5B69B5928737A0300E92A8E /* Debug */ = {
			isa = XCBuildConfiguration;
			buildSettings = {
				ALWAYS_EMBED_SWIFT_STANDARD_LIBRARIES = YES;
				BUNDLE_LOADER = "$(TEST_HOST)";
				CODE_SIGN_STYLE = Automatic;
				CURRENT_PROJECT_VERSION = 1;
				DEVELOPMENT_TEAM = RAH2H6XZL2;
				GENERATE_INFOPLIST_FILE = YES;
				IPHONEOS_DEPLOYMENT_TARGET = 15.5;
				MARKETING_VERSION = 1.0;
				PRODUCT_BUNDLE_IDENTIFIER = com.yago.netflixTests;
				PRODUCT_NAME = "$(TARGET_NAME)";
				SWIFT_EMIT_LOC_STRINGS = NO;
				SWIFT_VERSION = 5.0;
				TARGETED_DEVICE_FAMILY = "1,2";
				TEST_HOST = "$(BUILT_PRODUCTS_DIR)/netflix.app/netflix";
			};
			name = Debug;
		};
		C5B69B5A28737A0300E92A8E /* Release */ = {
			isa = XCBuildConfiguration;
			buildSettings = {
				ALWAYS_EMBED_SWIFT_STANDARD_LIBRARIES = YES;
				BUNDLE_LOADER = "$(TEST_HOST)";
				CODE_SIGN_STYLE = Automatic;
				CURRENT_PROJECT_VERSION = 1;
				DEVELOPMENT_TEAM = RAH2H6XZL2;
				GENERATE_INFOPLIST_FILE = YES;
				IPHONEOS_DEPLOYMENT_TARGET = 15.5;
				MARKETING_VERSION = 1.0;
				PRODUCT_BUNDLE_IDENTIFIER = com.yago.netflixTests;
				PRODUCT_NAME = "$(TARGET_NAME)";
				SWIFT_EMIT_LOC_STRINGS = NO;
				SWIFT_VERSION = 5.0;
				TARGETED_DEVICE_FAMILY = "1,2";
				TEST_HOST = "$(BUILT_PRODUCTS_DIR)/netflix.app/netflix";
			};
			name = Release;
		};
		C5B69B5C28737A0300E92A8E /* Debug */ = {
			isa = XCBuildConfiguration;
			buildSettings = {
				ALWAYS_EMBED_SWIFT_STANDARD_LIBRARIES = YES;
				CODE_SIGN_STYLE = Automatic;
				CURRENT_PROJECT_VERSION = 1;
				DEVELOPMENT_TEAM = RAH2H6XZL2;
				GENERATE_INFOPLIST_FILE = YES;
				MARKETING_VERSION = 1.0;
				PRODUCT_BUNDLE_IDENTIFIER = com.yago.netflixUITests;
				PRODUCT_NAME = "$(TARGET_NAME)";
				SWIFT_EMIT_LOC_STRINGS = NO;
				SWIFT_VERSION = 5.0;
				TARGETED_DEVICE_FAMILY = "1,2";
				TEST_TARGET_NAME = netflix;
			};
			name = Debug;
		};
		C5B69B5D28737A0300E92A8E /* Release */ = {
			isa = XCBuildConfiguration;
			buildSettings = {
				ALWAYS_EMBED_SWIFT_STANDARD_LIBRARIES = YES;
				CODE_SIGN_STYLE = Automatic;
				CURRENT_PROJECT_VERSION = 1;
				DEVELOPMENT_TEAM = RAH2H6XZL2;
				GENERATE_INFOPLIST_FILE = YES;
				MARKETING_VERSION = 1.0;
				PRODUCT_BUNDLE_IDENTIFIER = com.yago.netflixUITests;
				PRODUCT_NAME = "$(TARGET_NAME)";
				SWIFT_EMIT_LOC_STRINGS = NO;
				SWIFT_VERSION = 5.0;
				TARGETED_DEVICE_FAMILY = "1,2";
				TEST_TARGET_NAME = netflix;
			};
			name = Release;
		};
/* End XCBuildConfiguration section */

/* Begin XCConfigurationList section */
		C5B69B2628737A0100E92A8E /* Build configuration list for PBXProject "netflix" */ = {
			isa = XCConfigurationList;
			buildConfigurations = (
				C5B69B5328737A0300E92A8E /* Debug */,
				C5B69B5428737A0300E92A8E /* Release */,
			);
			defaultConfigurationIsVisible = 0;
			defaultConfigurationName = Release;
		};
		C5B69B5528737A0300E92A8E /* Build configuration list for PBXNativeTarget "netflix" */ = {
			isa = XCConfigurationList;
			buildConfigurations = (
				C5B69B5628737A0300E92A8E /* Debug */,
				C5B69B5728737A0300E92A8E /* Release */,
			);
			defaultConfigurationIsVisible = 0;
			defaultConfigurationName = Release;
		};
		C5B69B5828737A0300E92A8E /* Build configuration list for PBXNativeTarget "netflixTests" */ = {
			isa = XCConfigurationList;
			buildConfigurations = (
				C5B69B5928737A0300E92A8E /* Debug */,
				C5B69B5A28737A0300E92A8E /* Release */,
			);
			defaultConfigurationIsVisible = 0;
			defaultConfigurationName = Release;
		};
		C5B69B5B28737A0300E92A8E /* Build configuration list for PBXNativeTarget "netflixUITests" */ = {
			isa = XCConfigurationList;
			buildConfigurations = (
				C5B69B5C28737A0300E92A8E /* Debug */,
				C5B69B5D28737A0300E92A8E /* Release */,
			);
			defaultConfigurationIsVisible = 0;
			defaultConfigurationName = Release;
		};
/* End XCConfigurationList section */

/* Begin XCRemoteSwiftPackageReference section */
		C5E09D4B28778B4C00435C63 /* XCRemoteSwiftPackageReference "Swinject" */ = {
			isa = XCRemoteSwiftPackageReference;
			repositoryURL = "https://github.com/Swinject/Swinject.git";
			requirement = {
				kind = upToNextMajorVersion;
				minimumVersion = 2.0.0;
			};
		};
/* End XCRemoteSwiftPackageReference section */

/* Begin XCSwiftPackageProductDependency section */
		C5402BB92885DC2C00385C0C /* Mocks */ = {
			isa = XCSwiftPackageProductDependency;
			productName = Mocks;
		};
		C551DA89287F12E000BBE223 /* Networking */ = {
			isa = XCSwiftPackageProductDependency;
			productName = Networking;
		};
		C5FEB2952888A4D000408834 /* FeatureLogin */ = {
			isa = XCSwiftPackageProductDependency;
			productName = FeatureLogin;
		};
/* End XCSwiftPackageProductDependency section */
	};
	rootObject = C5B69B2328737A0100E92A8E /* Project object */;
}
